// !$*UTF8*$!
{
	archiveVersion = 1;
	classes = {
	};
	objectVersion = 55;
	objects = {

/* Begin PBXBuildFile section */
		04082B9C2883C6320070F107 /* SavedBookmarksVC.swift in Sources */ = {isa = PBXBuildFile; fileRef = 04082B9B2883C6320070F107 /* SavedBookmarksVC.swift */; };
		04082BA02883EE5A0070F107 /* SavedBookmarksVM.swift in Sources */ = {isa = PBXBuildFile; fileRef = 04082B9F2883EE5A0070F107 /* SavedBookmarksVM.swift */; };
		04082BB92885718C0070F107 /* DummyViewController.swift in Sources */ = {isa = PBXBuildFile; fileRef = 04082BB82885718C0070F107 /* DummyViewController.swift */; };
		04082BBB2885F87A0070F107 /* CustomPresentable.swift in Sources */ = {isa = PBXBuildFile; fileRef = 04082BBA2885F87A0070F107 /* CustomPresentable.swift */; };
		04082BC128861F910070F107 /* CoreDataManager2.swift in Sources */ = {isa = PBXBuildFile; fileRef = 04082BC028861F910070F107 /* CoreDataManager2.swift */; };
		04082BC72886455E0070F107 /* CoreDataManager3.swift in Sources */ = {isa = PBXBuildFile; fileRef = 04082BC62886455E0070F107 /* CoreDataManager3.swift */; };
		04082BC928873E550070F107 /* CoreDataManager4.swift in Sources */ = {isa = PBXBuildFile; fileRef = 04082BC828873E550070F107 /* CoreDataManager4.swift */; };
		04082BCC288765860070F107 /* TweetFolders.xcdatamodeld in Sources */ = {isa = PBXBuildFile; fileRef = 04082BCA288765860070F107 /* TweetFolders.xcdatamodeld */; };
		04082BE128876C820070F107 /* SavedTweet+CoreDataClass.swift in Sources */ = {isa = PBXBuildFile; fileRef = 04082BDD28876C810070F107 /* SavedTweet+CoreDataClass.swift */; };
		04082BE228876C820070F107 /* SavedTweet+CoreDataProperties.swift in Sources */ = {isa = PBXBuildFile; fileRef = 04082BDE28876C810070F107 /* SavedTweet+CoreDataProperties.swift */; };
		04082BE328876C820070F107 /* TweetFolder+CoreDataClass.swift in Sources */ = {isa = PBXBuildFile; fileRef = 04082BDF28876C810070F107 /* TweetFolder+CoreDataClass.swift */; };
		04082BE428876C820070F107 /* TweetFolder+CoreDataProperties.swift in Sources */ = {isa = PBXBuildFile; fileRef = 04082BE028876C810070F107 /* TweetFolder+CoreDataProperties.swift */; };
		040B8FF42880AA7900E37364 /* CoreDataManager.swift in Sources */ = {isa = PBXBuildFile; fileRef = 040B8FF32880AA7900E37364 /* CoreDataManager.swift */; };
		040B8FF72880AF7500E37364 /* BookmarksFoldersVC.swift in Sources */ = {isa = PBXBuildFile; fileRef = 040B8FF62880AF7500E37364 /* BookmarksFoldersVC.swift */; };
		040B8FF92880B4C300E37364 /* FoldersTableViewCell.swift in Sources */ = {isa = PBXBuildFile; fileRef = 040B8FF82880B4C300E37364 /* FoldersTableViewCell.swift */; };
		040B8FFB2880D95000E37364 /* SelectBookmarkFolderVC.swift in Sources */ = {isa = PBXBuildFile; fileRef = 040B8FFA2880D95000E37364 /* SelectBookmarkFolderVC.swift */; };
		040B8FFD2880DC5B00E37364 /* PresentationController.swift in Sources */ = {isa = PBXBuildFile; fileRef = 040B8FFC2880DC5B00E37364 /* PresentationController.swift */; };
		0426E7E2287F395000235A7E /* TwitterBookmarksTests.swift in Sources */ = {isa = PBXBuildFile; fileRef = 0426E7E1287F395000235A7E /* TwitterBookmarksTests.swift */; };
		0426E7EA287F39B900235A7E /* MockTwitterResponseClient.swift in Sources */ = {isa = PBXBuildFile; fileRef = 0426E7E9287F39B900235A7E /* MockTwitterResponseClient.swift */; };
		0426E7EC287F619A00235A7E /* TwitterBookmarksNetworkProtocol.swift in Sources */ = {isa = PBXBuildFile; fileRef = 0426E7EB287F619A00235A7E /* TwitterBookmarksNetworkProtocol.swift */; };
		0426E7EE287F639500235A7E /* NetworkCallTests.swift in Sources */ = {isa = PBXBuildFile; fileRef = 0426E7ED287F639500235A7E /* NetworkCallTests.swift */; };
		0426E7F0287F905800235A7E /* twitter_bookmars_response.json in Resources */ = {isa = PBXBuildFile; fileRef = 0426E7EF287F905800235A7E /* twitter_bookmars_response.json */; };
		043FA4D9287D33C9003FDE6E /* BookmarksViewModel.swift in Sources */ = {isa = PBXBuildFile; fileRef = 043FA4D8287D33C9003FDE6E /* BookmarksViewModel.swift */; };
		043FA4DB287D33E9003FDE6E /* BookmarksModel.swift in Sources */ = {isa = PBXBuildFile; fileRef = 043FA4DA287D33E9003FDE6E /* BookmarksModel.swift */; };
		043FA4DE287D3591003FDE6E /* Observable.swift in Sources */ = {isa = PBXBuildFile; fileRef = 043FA4DD287D3591003FDE6E /* Observable.swift */; };
		0467A4312883511C004C18B3 /* MediaTableViewCell.swift in Sources */ = {isa = PBXBuildFile; fileRef = 0467A4302883511C004C18B3 /* MediaTableViewCell.swift */; };
		04C7A854287B18BF0088A213 /* AppDelegate.swift in Sources */ = {isa = PBXBuildFile; fileRef = 04C7A853287B18BF0088A213 /* AppDelegate.swift */; };
		04C7A856287B18BF0088A213 /* SceneDelegate.swift in Sources */ = {isa = PBXBuildFile; fileRef = 04C7A855287B18BF0088A213 /* SceneDelegate.swift */; };
		04C7A858287B18BF0088A213 /* ViewController.swift in Sources */ = {isa = PBXBuildFile; fileRef = 04C7A857287B18BF0088A213 /* ViewController.swift */; };
		04C7A85B287B18BF0088A213 /* Main.storyboard in Resources */ = {isa = PBXBuildFile; fileRef = 04C7A859287B18BF0088A213 /* Main.storyboard */; };
		04C7A85D287B18C40088A213 /* Assets.xcassets in Resources */ = {isa = PBXBuildFile; fileRef = 04C7A85C287B18C40088A213 /* Assets.xcassets */; };
		04C7A860287B18C40088A213 /* LaunchScreen.storyboard in Resources */ = {isa = PBXBuildFile; fileRef = 04C7A85E287B18C40088A213 /* LaunchScreen.storyboard */; };
		04C7A869287B190C0088A213 /* NetworkManager.swift in Sources */ = {isa = PBXBuildFile; fileRef = 04C7A868287B190C0088A213 /* NetworkManager.swift */; };
		04C7A86E287B82C00088A213 /* FeedTableViewCell.swift in Sources */ = {isa = PBXBuildFile; fileRef = 04C7A86D287B82C00088A213 /* FeedTableViewCell.swift */; };
		04C7A870287B84520088A213 /* TextTableViewCell.swift in Sources */ = {isa = PBXBuildFile; fileRef = 04C7A86F287B84520088A213 /* TextTableViewCell.swift */; };
		04C7A872287B85790088A213 /* BookmarksVC.swift in Sources */ = {isa = PBXBuildFile; fileRef = 04C7A871287B85790088A213 /* BookmarksVC.swift */; };
/* End PBXBuildFile section */

/* Begin PBXContainerItemProxy section */
		0426E7E3287F395000235A7E /* PBXContainerItemProxy */ = {
			isa = PBXContainerItemProxy;
			containerPortal = 04C7A848287B18BF0088A213 /* Project object */;
			proxyType = 1;
			remoteGlobalIDString = 04C7A84F287B18BF0088A213;
			remoteInfo = TwitterBookmarks;
		};
/* End PBXContainerItemProxy section */

/* Begin PBXFileReference section */
		04082B9B2883C6320070F107 /* SavedBookmarksVC.swift */ = {isa = PBXFileReference; lastKnownFileType = sourcecode.swift; path = SavedBookmarksVC.swift; sourceTree = "<group>"; };
		04082B9F2883EE5A0070F107 /* SavedBookmarksVM.swift */ = {isa = PBXFileReference; lastKnownFileType = sourcecode.swift; path = SavedBookmarksVM.swift; sourceTree = "<group>"; };
		04082BB82885718C0070F107 /* DummyViewController.swift */ = {isa = PBXFileReference; lastKnownFileType = sourcecode.swift; path = DummyViewController.swift; sourceTree = "<group>"; };
		04082BBA2885F87A0070F107 /* CustomPresentable.swift */ = {isa = PBXFileReference; lastKnownFileType = sourcecode.swift; path = CustomPresentable.swift; sourceTree = "<group>"; };
		04082BC028861F910070F107 /* CoreDataManager2.swift */ = {isa = PBXFileReference; lastKnownFileType = sourcecode.swift; path = CoreDataManager2.swift; sourceTree = "<group>"; };
		04082BC62886455E0070F107 /* CoreDataManager3.swift */ = {isa = PBXFileReference; lastKnownFileType = sourcecode.swift; path = CoreDataManager3.swift; sourceTree = "<group>"; };
		04082BC828873E550070F107 /* CoreDataManager4.swift */ = {isa = PBXFileReference; lastKnownFileType = sourcecode.swift; path = CoreDataManager4.swift; sourceTree = "<group>"; };
		04082BCB288765860070F107 /* TweetFolders.xcdatamodel */ = {isa = PBXFileReference; lastKnownFileType = wrapper.xcdatamodel; path = TweetFolders.xcdatamodel; sourceTree = "<group>"; };
		04082BDD28876C810070F107 /* SavedTweet+CoreDataClass.swift */ = {isa = PBXFileReference; lastKnownFileType = sourcecode.swift; path = "SavedTweet+CoreDataClass.swift"; sourceTree = "<group>"; };
		04082BDE28876C810070F107 /* SavedTweet+CoreDataProperties.swift */ = {isa = PBXFileReference; lastKnownFileType = sourcecode.swift; path = "SavedTweet+CoreDataProperties.swift"; sourceTree = "<group>"; };
		04082BDF28876C810070F107 /* TweetFolder+CoreDataClass.swift */ = {isa = PBXFileReference; lastKnownFileType = sourcecode.swift; path = "TweetFolder+CoreDataClass.swift"; sourceTree = "<group>"; };
		04082BE028876C810070F107 /* TweetFolder+CoreDataProperties.swift */ = {isa = PBXFileReference; lastKnownFileType = sourcecode.swift; path = "TweetFolder+CoreDataProperties.swift"; sourceTree = "<group>"; };
		040B8FF32880AA7900E37364 /* CoreDataManager.swift */ = {isa = PBXFileReference; lastKnownFileType = sourcecode.swift; path = CoreDataManager.swift; sourceTree = "<group>"; };
		040B8FF62880AF7500E37364 /* BookmarksFoldersVC.swift */ = {isa = PBXFileReference; lastKnownFileType = sourcecode.swift; path = BookmarksFoldersVC.swift; sourceTree = "<group>"; };
		040B8FF82880B4C300E37364 /* FoldersTableViewCell.swift */ = {isa = PBXFileReference; lastKnownFileType = sourcecode.swift; path = FoldersTableViewCell.swift; sourceTree = "<group>"; };
		040B8FFA2880D95000E37364 /* SelectBookmarkFolderVC.swift */ = {isa = PBXFileReference; lastKnownFileType = sourcecode.swift; path = SelectBookmarkFolderVC.swift; sourceTree = "<group>"; };
		040B8FFC2880DC5B00E37364 /* PresentationController.swift */ = {isa = PBXFileReference; fileEncoding = 4; lastKnownFileType = sourcecode.swift; name = PresentationController.swift; path = "../../Minztership iOS/Minztership/utils/PresentationController.swift"; sourceTree = "<group>"; };
		0426E7DF287F395000235A7E /* TwitterBookmarksTests.xctest */ = {isa = PBXFileReference; explicitFileType = wrapper.cfbundle; includeInIndex = 0; path = TwitterBookmarksTests.xctest; sourceTree = BUILT_PRODUCTS_DIR; };
		0426E7E1287F395000235A7E /* TwitterBookmarksTests.swift */ = {isa = PBXFileReference; lastKnownFileType = sourcecode.swift; path = TwitterBookmarksTests.swift; sourceTree = "<group>"; };
		0426E7E9287F39B900235A7E /* MockTwitterResponseClient.swift */ = {isa = PBXFileReference; lastKnownFileType = sourcecode.swift; path = MockTwitterResponseClient.swift; sourceTree = "<group>"; };
		0426E7EB287F619A00235A7E /* TwitterBookmarksNetworkProtocol.swift */ = {isa = PBXFileReference; lastKnownFileType = sourcecode.swift; path = TwitterBookmarksNetworkProtocol.swift; sourceTree = "<group>"; };
		0426E7ED287F639500235A7E /* NetworkCallTests.swift */ = {isa = PBXFileReference; lastKnownFileType = sourcecode.swift; path = NetworkCallTests.swift; sourceTree = "<group>"; };
		0426E7EF287F905800235A7E /* twitter_bookmars_response.json */ = {isa = PBXFileReference; lastKnownFileType = text.json; path = twitter_bookmars_response.json; sourceTree = "<group>"; };
		043FA4D8287D33C9003FDE6E /* BookmarksViewModel.swift */ = {isa = PBXFileReference; lastKnownFileType = sourcecode.swift; path = BookmarksViewModel.swift; sourceTree = "<group>"; };
		043FA4DA287D33E9003FDE6E /* BookmarksModel.swift */ = {isa = PBXFileReference; lastKnownFileType = sourcecode.swift; path = BookmarksModel.swift; sourceTree = "<group>"; };
		043FA4DD287D3591003FDE6E /* Observable.swift */ = {isa = PBXFileReference; lastKnownFileType = sourcecode.swift; path = Observable.swift; sourceTree = "<group>"; };
		0467A4302883511C004C18B3 /* MediaTableViewCell.swift */ = {isa = PBXFileReference; lastKnownFileType = sourcecode.swift; path = MediaTableViewCell.swift; sourceTree = "<group>"; };
		04C7A850287B18BF0088A213 /* TwitterBookmarks.app */ = {isa = PBXFileReference; explicitFileType = wrapper.application; includeInIndex = 0; path = TwitterBookmarks.app; sourceTree = BUILT_PRODUCTS_DIR; };
		04C7A853287B18BF0088A213 /* AppDelegate.swift */ = {isa = PBXFileReference; lastKnownFileType = sourcecode.swift; path = AppDelegate.swift; sourceTree = "<group>"; };
		04C7A855287B18BF0088A213 /* SceneDelegate.swift */ = {isa = PBXFileReference; lastKnownFileType = sourcecode.swift; path = SceneDelegate.swift; sourceTree = "<group>"; };
		04C7A857287B18BF0088A213 /* ViewController.swift */ = {isa = PBXFileReference; lastKnownFileType = sourcecode.swift; path = ViewController.swift; sourceTree = "<group>"; };
		04C7A85A287B18BF0088A213 /* Base */ = {isa = PBXFileReference; lastKnownFileType = file.storyboard; name = Base; path = Base.lproj/Main.storyboard; sourceTree = "<group>"; };
		04C7A85C287B18C40088A213 /* Assets.xcassets */ = {isa = PBXFileReference; lastKnownFileType = folder.assetcatalog; path = Assets.xcassets; sourceTree = "<group>"; };
		04C7A85F287B18C40088A213 /* Base */ = {isa = PBXFileReference; lastKnownFileType = file.storyboard; name = Base; path = Base.lproj/LaunchScreen.storyboard; sourceTree = "<group>"; };
		04C7A861287B18C40088A213 /* Info.plist */ = {isa = PBXFileReference; lastKnownFileType = text.plist.xml; path = Info.plist; sourceTree = "<group>"; };
		04C7A868287B190C0088A213 /* NetworkManager.swift */ = {isa = PBXFileReference; lastKnownFileType = sourcecode.swift; path = NetworkManager.swift; sourceTree = "<group>"; };
		04C7A86D287B82C00088A213 /* FeedTableViewCell.swift */ = {isa = PBXFileReference; lastKnownFileType = sourcecode.swift; path = FeedTableViewCell.swift; sourceTree = "<group>"; };
		04C7A86F287B84520088A213 /* TextTableViewCell.swift */ = {isa = PBXFileReference; lastKnownFileType = sourcecode.swift; path = TextTableViewCell.swift; sourceTree = "<group>"; };
		04C7A871287B85790088A213 /* BookmarksVC.swift */ = {isa = PBXFileReference; lastKnownFileType = sourcecode.swift; path = BookmarksVC.swift; sourceTree = "<group>"; };
/* End PBXFileReference section */

/* Begin PBXFrameworksBuildPhase section */
		0426E7DC287F395000235A7E /* Frameworks */ = {
			isa = PBXFrameworksBuildPhase;
			buildActionMask = 2147483647;
			files = (
			);
			runOnlyForDeploymentPostprocessing = 0;
		};
		04C7A84D287B18BF0088A213 /* Frameworks */ = {
			isa = PBXFrameworksBuildPhase;
			buildActionMask = 2147483647;
			files = (
			);
			runOnlyForDeploymentPostprocessing = 0;
		};
/* End PBXFrameworksBuildPhase section */

/* Begin PBXGroup section */
		04082B992883C5530070F107 /* SavedBookmarks */ = {
			isa = PBXGroup;
			children = (
				04082BA12884F1450070F107 /* Models */,
				04082B9A2883C5F90070F107 /* SavedBookmarkModel */,
				04082B9B2883C6320070F107 /* SavedBookmarksVC.swift */,
				04082B9F2883EE5A0070F107 /* SavedBookmarksVM.swift */,
			);
			path = SavedBookmarks;
			sourceTree = "<group>";
		};
		04082B9A2883C5F90070F107 /* SavedBookmarkModel */ = {
			isa = PBXGroup;
			children = (
			);
			path = SavedBookmarkModel;
			sourceTree = "<group>";
		};
		04082BA12884F1450070F107 /* Models */ = {
			isa = PBXGroup;
			children = (
			);
			path = Models;
			sourceTree = "<group>";
		};
		040B8FE72880A09400E37364 /* BookmarksFolders */ = {
			isa = PBXGroup;
			children = (
				040B8FF52880AF3F00E37364 /* Model */,
				040B8FF62880AF7500E37364 /* BookmarksFoldersVC.swift */,
				040B8FF82880B4C300E37364 /* FoldersTableViewCell.swift */,
			);
			path = BookmarksFolders;
			sourceTree = "<group>";
		};
		040B8FF52880AF3F00E37364 /* Model */ = {
			isa = PBXGroup;
			children = (
				04082BDD28876C810070F107 /* SavedTweet+CoreDataClass.swift */,
				04082BDE28876C810070F107 /* SavedTweet+CoreDataProperties.swift */,
				04082BDF28876C810070F107 /* TweetFolder+CoreDataClass.swift */,
				04082BE028876C810070F107 /* TweetFolder+CoreDataProperties.swift */,
				040B8FF32880AA7900E37364 /* CoreDataManager.swift */,
				04082BC62886455E0070F107 /* CoreDataManager3.swift */,
				04082BC028861F910070F107 /* CoreDataManager2.swift */,
				04082BC828873E550070F107 /* CoreDataManager4.swift */,
				04082BCA288765860070F107 /* TweetFolders.xcdatamodeld */,
			);
			path = Model;
			sourceTree = "<group>";
		};
		0426E7E0287F395000235A7E /* TwitterBookmarksTests */ = {
			isa = PBXGroup;
			children = (
				0426E7ED287F639500235A7E /* NetworkCallTests.swift */,
				0426E7E8287F395C00235A7E /* Mocks */,
				0426E7E1287F395000235A7E /* TwitterBookmarksTests.swift */,
			);
			path = TwitterBookmarksTests;
			sourceTree = "<group>";
		};
		0426E7E8287F395C00235A7E /* Mocks */ = {
			isa = PBXGroup;
			children = (
				0426E7E9287F39B900235A7E /* MockTwitterResponseClient.swift */,
				0426E7EF287F905800235A7E /* twitter_bookmars_response.json */,
			);
			path = Mocks;
			sourceTree = "<group>";
		};
		043FA4DC287D3410003FDE6E /* Cells */ = {
			isa = PBXGroup;
			children = (
				04C7A86F287B84520088A213 /* TextTableViewCell.swift */,
				04C7A86D287B82C00088A213 /* FeedTableViewCell.swift */,
				0467A4302883511C004C18B3 /* MediaTableViewCell.swift */,
			);
			path = Cells;
			sourceTree = "<group>";
		};
		04C7A847287B18BF0088A213 = {
			isa = PBXGroup;
			children = (
				04C7A852287B18BF0088A213 /* TwitterBookmarks */,
				0426E7E0287F395000235A7E /* TwitterBookmarksTests */,
				04C7A851287B18BF0088A213 /* Products */,
			);
			sourceTree = "<group>";
		};
		04C7A851287B18BF0088A213 /* Products */ = {
			isa = PBXGroup;
			children = (
				04C7A850287B18BF0088A213 /* TwitterBookmarks.app */,
				0426E7DF287F395000235A7E /* TwitterBookmarksTests.xctest */,
			);
			name = Products;
			sourceTree = "<group>";
		};
		04C7A852287B18BF0088A213 /* TwitterBookmarks */ = {
			isa = PBXGroup;
			children = (
				04082B992883C5530070F107 /* SavedBookmarks */,
				040B8FFC2880DC5B00E37364 /* PresentationController.swift */,
				040B8FE72880A09400E37364 /* BookmarksFolders */,
				04C7A86C287B82810088A213 /* Bookmarks */,
				04C7A867287B18CE0088A213 /* Network */,
				04C7A853287B18BF0088A213 /* AppDelegate.swift */,
				043FA4DD287D3591003FDE6E /* Observable.swift */,
				04C7A855287B18BF0088A213 /* SceneDelegate.swift */,
				04C7A857287B18BF0088A213 /* ViewController.swift */,
				04C7A859287B18BF0088A213 /* Main.storyboard */,
				04C7A85C287B18C40088A213 /* Assets.xcassets */,
				04C7A85E287B18C40088A213 /* LaunchScreen.storyboard */,
				04C7A861287B18C40088A213 /* Info.plist */,
				04082BB82885718C0070F107 /* DummyViewController.swift */,
				04082BBA2885F87A0070F107 /* CustomPresentable.swift */,
			);
			path = TwitterBookmarks;
			sourceTree = "<group>";
		};
		04C7A867287B18CE0088A213 /* Network */ = {
			isa = PBXGroup;
			children = (
				04C7A868287B190C0088A213 /* NetworkManager.swift */,
				0426E7EB287F619A00235A7E /* TwitterBookmarksNetworkProtocol.swift */,
			);
			path = Network;
			sourceTree = "<group>";
		};
		04C7A86C287B82810088A213 /* Bookmarks */ = {
			isa = PBXGroup;
			children = (
				043FA4DC287D3410003FDE6E /* Cells */,
				04C7A871287B85790088A213 /* BookmarksVC.swift */,
				043FA4D8287D33C9003FDE6E /* BookmarksViewModel.swift */,
				043FA4DA287D33E9003FDE6E /* BookmarksModel.swift */,
				040B8FFA2880D95000E37364 /* SelectBookmarkFolderVC.swift */,
			);
			path = Bookmarks;
			sourceTree = "<group>";
		};
/* End PBXGroup section */

/* Begin PBXNativeTarget section */
		0426E7DE287F395000235A7E /* TwitterBookmarksTests */ = {
			isa = PBXNativeTarget;
			buildConfigurationList = 0426E7E7287F395000235A7E /* Build configuration list for PBXNativeTarget "TwitterBookmarksTests" */;
			buildPhases = (
				0426E7DB287F395000235A7E /* Sources */,
				0426E7DC287F395000235A7E /* Frameworks */,
				0426E7DD287F395000235A7E /* Resources */,
			);
			buildRules = (
			);
			dependencies = (
				0426E7E4287F395000235A7E /* PBXTargetDependency */,
			);
			name = TwitterBookmarksTests;
			productName = TwitterBookmarksTests;
			productReference = 0426E7DF287F395000235A7E /* TwitterBookmarksTests.xctest */;
			productType = "com.apple.product-type.bundle.unit-test";
		};
		04C7A84F287B18BF0088A213 /* TwitterBookmarks */ = {
			isa = PBXNativeTarget;
			buildConfigurationList = 04C7A864287B18C40088A213 /* Build configuration list for PBXNativeTarget "TwitterBookmarks" */;
			buildPhases = (
				04C7A84C287B18BF0088A213 /* Sources */,
				04C7A84D287B18BF0088A213 /* Frameworks */,
				04C7A84E287B18BF0088A213 /* Resources */,
			);
			buildRules = (
			);
			dependencies = (
			);
			name = TwitterBookmarks;
			productName = TwitterBookmarks;
			productReference = 04C7A850287B18BF0088A213 /* TwitterBookmarks.app */;
			productType = "com.apple.product-type.application";
		};
/* End PBXNativeTarget section */

/* Begin PBXProject section */
		04C7A848287B18BF0088A213 /* Project object */ = {
			isa = PBXProject;
			attributes = {
				BuildIndependentTargetsInParallel = 1;
				LastSwiftUpdateCheck = 1320;
				LastUpgradeCheck = 1320;
				TargetAttributes = {
					0426E7DE287F395000235A7E = {
						CreatedOnToolsVersion = 13.2.1;
						TestTargetID = 04C7A84F287B18BF0088A213;
					};
					04C7A84F287B18BF0088A213 = {
						CreatedOnToolsVersion = 13.2.1;
					};
				};
			};
			buildConfigurationList = 04C7A84B287B18BF0088A213 /* Build configuration list for PBXProject "TwitterBookmarks" */;
			compatibilityVersion = "Xcode 13.0";
			developmentRegion = en;
			hasScannedForEncodings = 0;
			knownRegions = (
				en,
				Base,
			);
			mainGroup = 04C7A847287B18BF0088A213;
			productRefGroup = 04C7A851287B18BF0088A213 /* Products */;
			projectDirPath = "";
			projectRoot = "";
			targets = (
				04C7A84F287B18BF0088A213 /* TwitterBookmarks */,
				0426E7DE287F395000235A7E /* TwitterBookmarksTests */,
			);
		};
/* End PBXProject section */

/* Begin PBXResourcesBuildPhase section */
		0426E7DD287F395000235A7E /* Resources */ = {
			isa = PBXResourcesBuildPhase;
			buildActionMask = 2147483647;
			files = (
				0426E7F0287F905800235A7E /* twitter_bookmars_response.json in Resources */,
			);
			runOnlyForDeploymentPostprocessing = 0;
		};
		04C7A84E287B18BF0088A213 /* Resources */ = {
			isa = PBXResourcesBuildPhase;
			buildActionMask = 2147483647;
			files = (
				04C7A860287B18C40088A213 /* LaunchScreen.storyboard in Resources */,
				04C7A85D287B18C40088A213 /* Assets.xcassets in Resources */,
				04C7A85B287B18BF0088A213 /* Main.storyboard in Resources */,
			);
			runOnlyForDeploymentPostprocessing = 0;
		};
/* End PBXResourcesBuildPhase section */

/* Begin PBXSourcesBuildPhase section */
		0426E7DB287F395000235A7E /* Sources */ = {
			isa = PBXSourcesBuildPhase;
			buildActionMask = 2147483647;
			files = (
				0426E7E2287F395000235A7E /* TwitterBookmarksTests.swift in Sources */,
				0426E7EE287F639500235A7E /* NetworkCallTests.swift in Sources */,
				0426E7EA287F39B900235A7E /* MockTwitterResponseClient.swift in Sources */,
			);
			runOnlyForDeploymentPostprocessing = 0;
		};
		04C7A84C287B18BF0088A213 /* Sources */ = {
			isa = PBXSourcesBuildPhase;
			buildActionMask = 2147483647;
			files = (
				04082BB92885718C0070F107 /* DummyViewController.swift in Sources */,
				04082BE428876C820070F107 /* TweetFolder+CoreDataProperties.swift in Sources */,
				04082BE328876C820070F107 /* TweetFolder+CoreDataClass.swift in Sources */,
				043FA4DE287D3591003FDE6E /* Observable.swift in Sources */,
				04082BE228876C820070F107 /* SavedTweet+CoreDataProperties.swift in Sources */,
				04082BBB2885F87A0070F107 /* CustomPresentable.swift in Sources */,
				04082BC72886455E0070F107 /* CoreDataManager3.swift in Sources */,
				040B8FF42880AA7900E37364 /* CoreDataManager.swift in Sources */,
				040B8FFD2880DC5B00E37364 /* PresentationController.swift in Sources */,
				040B8FF72880AF7500E37364 /* BookmarksFoldersVC.swift in Sources */,
				04C7A869287B190C0088A213 /* NetworkManager.swift in Sources */,
				040B8FFB2880D95000E37364 /* SelectBookmarkFolderVC.swift in Sources */,
				040B8FF92880B4C300E37364 /* FoldersTableViewCell.swift in Sources */,
				04082BC128861F910070F107 /* CoreDataManager2.swift in Sources */,
				0426E7EC287F619A00235A7E /* TwitterBookmarksNetworkProtocol.swift in Sources */,
				04C7A870287B84520088A213 /* TextTableViewCell.swift in Sources */,
				04082BCC288765860070F107 /* TweetFolders.xcdatamodeld in Sources */,
				043FA4D9287D33C9003FDE6E /* BookmarksViewModel.swift in Sources */,
				043FA4DB287D33E9003FDE6E /* BookmarksModel.swift in Sources */,
				04082BA02883EE5A0070F107 /* SavedBookmarksVM.swift in Sources */,
				04C7A86E287B82C00088A213 /* FeedTableViewCell.swift in Sources */,
				0467A4312883511C004C18B3 /* MediaTableViewCell.swift in Sources */,
				04C7A858287B18BF0088A213 /* ViewController.swift in Sources */,
				04082BE128876C820070F107 /* SavedTweet+CoreDataClass.swift in Sources */,
				04C7A854287B18BF0088A213 /* AppDelegate.swift in Sources */,
				04082BC928873E550070F107 /* CoreDataManager4.swift in Sources */,
				04C7A856287B18BF0088A213 /* SceneDelegate.swift in Sources */,
				04C7A872287B85790088A213 /* BookmarksVC.swift in Sources */,
				04082B9C2883C6320070F107 /* SavedBookmarksVC.swift in Sources */,
			);
			runOnlyForDeploymentPostprocessing = 0;
		};
/* End PBXSourcesBuildPhase section */

/* Begin PBXTargetDependency section */
		0426E7E4287F395000235A7E /* PBXTargetDependency */ = {
			isa = PBXTargetDependency;
			target = 04C7A84F287B18BF0088A213 /* TwitterBookmarks */;
			targetProxy = 0426E7E3287F395000235A7E /* PBXContainerItemProxy */;
		};
/* End PBXTargetDependency section */

/* Begin PBXVariantGroup section */
		04C7A859287B18BF0088A213 /* Main.storyboard */ = {
			isa = PBXVariantGroup;
			children = (
				04C7A85A287B18BF0088A213 /* Base */,
			);
			name = Main.storyboard;
			sourceTree = "<group>";
		};
		04C7A85E287B18C40088A213 /* LaunchScreen.storyboard */ = {
			isa = PBXVariantGroup;
			children = (
				04C7A85F287B18C40088A213 /* Base */,
			);
			name = LaunchScreen.storyboard;
			sourceTree = "<group>";
		};
/* End PBXVariantGroup section */

/* Begin XCBuildConfiguration section */
		0426E7E5287F395000235A7E /* Debug */ = {
			isa = XCBuildConfiguration;
			buildSettings = {
				BUNDLE_LOADER = "$(TEST_HOST)";
				CODE_SIGN_STYLE = Automatic;
				CURRENT_PROJECT_VERSION = 1;
				DEVELOPMENT_TEAM = K5NJ7NTGXV;
				GENERATE_INFOPLIST_FILE = YES;
				MARKETING_VERSION = 1.0;
				PRODUCT_BUNDLE_IDENTIFIER = minzter.TwitterBookmarksTests;
				PRODUCT_NAME = "$(TARGET_NAME)";
				SWIFT_EMIT_LOC_STRINGS = NO;
				SWIFT_VERSION = 5.0;
				TARGETED_DEVICE_FAMILY = "1,2";
				TEST_HOST = "$(BUILT_PRODUCTS_DIR)/TwitterBookmarks.app/TwitterBookmarks";
			};
			name = Debug;
		};
		0426E7E6287F395000235A7E /* Release */ = {
			isa = XCBuildConfiguration;
			buildSettings = {
				BUNDLE_LOADER = "$(TEST_HOST)";
				CODE_SIGN_STYLE = Automatic;
				CURRENT_PROJECT_VERSION = 1;
				DEVELOPMENT_TEAM = K5NJ7NTGXV;
				GENERATE_INFOPLIST_FILE = YES;
				MARKETING_VERSION = 1.0;
				PRODUCT_BUNDLE_IDENTIFIER = minzter.TwitterBookmarksTests;
				PRODUCT_NAME = "$(TARGET_NAME)";
				SWIFT_EMIT_LOC_STRINGS = NO;
				SWIFT_VERSION = 5.0;
				TARGETED_DEVICE_FAMILY = "1,2";
				TEST_HOST = "$(BUILT_PRODUCTS_DIR)/TwitterBookmarks.app/TwitterBookmarks";
			};
			name = Release;
		};
		04C7A862287B18C40088A213 /* Debug */ = {
			isa = XCBuildConfiguration;
			buildSettings = {
				ALWAYS_SEARCH_USER_PATHS = NO;
				CLANG_ANALYZER_NONNULL = YES;
				CLANG_ANALYZER_NUMBER_OBJECT_CONVERSION = YES_AGGRESSIVE;
				CLANG_CXX_LANGUAGE_STANDARD = "gnu++17";
				CLANG_CXX_LIBRARY = "libc++";
				CLANG_ENABLE_MODULES = YES;
				CLANG_ENABLE_OBJC_ARC = YES;
				CLANG_ENABLE_OBJC_WEAK = YES;
				CLANG_WARN_BLOCK_CAPTURE_AUTORELEASING = YES;
				CLANG_WARN_BOOL_CONVERSION = YES;
				CLANG_WARN_COMMA = YES;
				CLANG_WARN_CONSTANT_CONVERSION = YES;
				CLANG_WARN_DEPRECATED_OBJC_IMPLEMENTATIONS = YES;
				CLANG_WARN_DIRECT_OBJC_ISA_USAGE = YES_ERROR;
				CLANG_WARN_DOCUMENTATION_COMMENTS = YES;
				CLANG_WARN_EMPTY_BODY = YES;
				CLANG_WARN_ENUM_CONVERSION = YES;
				CLANG_WARN_INFINITE_RECURSION = YES;
				CLANG_WARN_INT_CONVERSION = YES;
				CLANG_WARN_NON_LITERAL_NULL_CONVERSION = YES;
				CLANG_WARN_OBJC_IMPLICIT_RETAIN_SELF = YES;
				CLANG_WARN_OBJC_LITERAL_CONVERSION = YES;
				CLANG_WARN_OBJC_ROOT_CLASS = YES_ERROR;
				CLANG_WARN_QUOTED_INCLUDE_IN_FRAMEWORK_HEADER = YES;
				CLANG_WARN_RANGE_LOOP_ANALYSIS = YES;
				CLANG_WARN_STRICT_PROTOTYPES = YES;
				CLANG_WARN_SUSPICIOUS_MOVE = YES;
				CLANG_WARN_UNGUARDED_AVAILABILITY = YES_AGGRESSIVE;
				CLANG_WARN_UNREACHABLE_CODE = YES;
				CLANG_WARN__DUPLICATE_METHOD_MATCH = YES;
				COPY_PHASE_STRIP = NO;
				DEBUG_INFORMATION_FORMAT = dwarf;
				ENABLE_STRICT_OBJC_MSGSEND = YES;
				ENABLE_TESTABILITY = YES;
				GCC_C_LANGUAGE_STANDARD = gnu11;
				GCC_DYNAMIC_NO_PIC = NO;
				GCC_NO_COMMON_BLOCKS = YES;
				GCC_OPTIMIZATION_LEVEL = 0;
				GCC_PREPROCESSOR_DEFINITIONS = (
					"DEBUG=1",
					"$(inherited)",
				);
				GCC_WARN_64_TO_32_BIT_CONVERSION = YES;
				GCC_WARN_ABOUT_RETURN_TYPE = YES_ERROR;
				GCC_WARN_UNDECLARED_SELECTOR = YES;
				GCC_WARN_UNINITIALIZED_AUTOS = YES_AGGRESSIVE;
				GCC_WARN_UNUSED_FUNCTION = YES;
				GCC_WARN_UNUSED_VARIABLE = YES;
				IPHONEOS_DEPLOYMENT_TARGET = 13.0;
				MTL_ENABLE_DEBUG_INFO = INCLUDE_SOURCE;
				MTL_FAST_MATH = YES;
				ONLY_ACTIVE_ARCH = YES;
				SDKROOT = iphoneos;
				SWIFT_ACTIVE_COMPILATION_CONDITIONS = DEBUG;
				SWIFT_OPTIMIZATION_LEVEL = "-Onone";
			};
			name = Debug;
		};
		04C7A863287B18C40088A213 /* Release */ = {
			isa = XCBuildConfiguration;
			buildSettings = {
				ALWAYS_SEARCH_USER_PATHS = NO;
				CLANG_ANALYZER_NONNULL = YES;
				CLANG_ANALYZER_NUMBER_OBJECT_CONVERSION = YES_AGGRESSIVE;
				CLANG_CXX_LANGUAGE_STANDARD = "gnu++17";
				CLANG_CXX_LIBRARY = "libc++";
				CLANG_ENABLE_MODULES = YES;
				CLANG_ENABLE_OBJC_ARC = YES;
				CLANG_ENABLE_OBJC_WEAK = YES;
				CLANG_WARN_BLOCK_CAPTURE_AUTORELEASING = YES;
				CLANG_WARN_BOOL_CONVERSION = YES;
				CLANG_WARN_COMMA = YES;
				CLANG_WARN_CONSTANT_CONVERSION = YES;
				CLANG_WARN_DEPRECATED_OBJC_IMPLEMENTATIONS = YES;
				CLANG_WARN_DIRECT_OBJC_ISA_USAGE = YES_ERROR;
				CLANG_WARN_DOCUMENTATION_COMMENTS = YES;
				CLANG_WARN_EMPTY_BODY = YES;
				CLANG_WARN_ENUM_CONVERSION = YES;
				CLANG_WARN_INFINITE_RECURSION = YES;
				CLANG_WARN_INT_CONVERSION = YES;
				CLANG_WARN_NON_LITERAL_NULL_CONVERSION = YES;
				CLANG_WARN_OBJC_IMPLICIT_RETAIN_SELF = YES;
				CLANG_WARN_OBJC_LITERAL_CONVERSION = YES;
				CLANG_WARN_OBJC_ROOT_CLASS = YES_ERROR;
				CLANG_WARN_QUOTED_INCLUDE_IN_FRAMEWORK_HEADER = YES;
				CLANG_WARN_RANGE_LOOP_ANALYSIS = YES;
				CLANG_WARN_STRICT_PROTOTYPES = YES;
				CLANG_WARN_SUSPICIOUS_MOVE = YES;
				CLANG_WARN_UNGUARDED_AVAILABILITY = YES_AGGRESSIVE;
				CLANG_WARN_UNREACHABLE_CODE = YES;
				CLANG_WARN__DUPLICATE_METHOD_MATCH = YES;
				COPY_PHASE_STRIP = NO;
				DEBUG_INFORMATION_FORMAT = "dwarf-with-dsym";
				ENABLE_NS_ASSERTIONS = NO;
				ENABLE_STRICT_OBJC_MSGSEND = YES;
				GCC_C_LANGUAGE_STANDARD = gnu11;
				GCC_NO_COMMON_BLOCKS = YES;
				GCC_WARN_64_TO_32_BIT_CONVERSION = YES;
				GCC_WARN_ABOUT_RETURN_TYPE = YES_ERROR;
				GCC_WARN_UNDECLARED_SELECTOR = YES;
				GCC_WARN_UNINITIALIZED_AUTOS = YES_AGGRESSIVE;
				GCC_WARN_UNUSED_FUNCTION = YES;
				GCC_WARN_UNUSED_VARIABLE = YES;
				IPHONEOS_DEPLOYMENT_TARGET = 13.0;
				MTL_ENABLE_DEBUG_INFO = NO;
				MTL_FAST_MATH = YES;
				SDKROOT = iphoneos;
				SWIFT_COMPILATION_MODE = wholemodule;
				SWIFT_OPTIMIZATION_LEVEL = "-O";
				VALIDATE_PRODUCT = YES;
			};
			name = Release;
		};
		04C7A865287B18C40088A213 /* Debug */ = {
			isa = XCBuildConfiguration;
			buildSettings = {
				ASSETCATALOG_COMPILER_APPICON_NAME = AppIcon;
				ASSETCATALOG_COMPILER_GLOBAL_ACCENT_COLOR_NAME = AccentColor;
				CODE_SIGN_STYLE = Automatic;
				CURRENT_PROJECT_VERSION = 1;
				DEVELOPMENT_TEAM = K5NJ7NTGXV;
				GENERATE_INFOPLIST_FILE = YES;
				INFOPLIST_FILE = TwitterBookmarks/Info.plist;
				INFOPLIST_KEY_UIApplicationSupportsIndirectInputEvents = YES;
				INFOPLIST_KEY_UILaunchStoryboardName = LaunchScreen;
				INFOPLIST_KEY_UIMainStoryboardFile = Main;
				INFOPLIST_KEY_UISupportedInterfaceOrientations_iPad = "UIInterfaceOrientationPortrait UIInterfaceOrientationPortraitUpsideDown UIInterfaceOrientationLandscapeLeft UIInterfaceOrientationLandscapeRight";
				INFOPLIST_KEY_UISupportedInterfaceOrientations_iPhone = "UIInterfaceOrientationPortrait UIInterfaceOrientationLandscapeLeft UIInterfaceOrientationLandscapeRight";
				IPHONEOS_DEPLOYMENT_TARGET = 13.0;
				LD_RUNPATH_SEARCH_PATHS = (
					"$(inherited)",
					"@executable_path/Frameworks",
				);
				MARKETING_VERSION = 1.0;
				PRODUCT_BUNDLE_IDENTIFIER = minzter.TwitterBookmarks;
				PRODUCT_NAME = "$(TARGET_NAME)";
				SWIFT_EMIT_LOC_STRINGS = YES;
				SWIFT_VERSION = 5.0;
				TARGETED_DEVICE_FAMILY = "1,2";
			};
			name = Debug;
		};
		04C7A866287B18C40088A213 /* Release */ = {
			isa = XCBuildConfiguration;
			buildSettings = {
				ASSETCATALOG_COMPILER_APPICON_NAME = AppIcon;
				ASSETCATALOG_COMPILER_GLOBAL_ACCENT_COLOR_NAME = AccentColor;
				CODE_SIGN_STYLE = Automatic;
				CURRENT_PROJECT_VERSION = 1;
				DEVELOPMENT_TEAM = K5NJ7NTGXV;
				GENERATE_INFOPLIST_FILE = YES;
				INFOPLIST_FILE = TwitterBookmarks/Info.plist;
				INFOPLIST_KEY_UIApplicationSupportsIndirectInputEvents = YES;
				INFOPLIST_KEY_UILaunchStoryboardName = LaunchScreen;
				INFOPLIST_KEY_UIMainStoryboardFile = Main;
				INFOPLIST_KEY_UISupportedInterfaceOrientations_iPad = "UIInterfaceOrientationPortrait UIInterfaceOrientationPortraitUpsideDown UIInterfaceOrientationLandscapeLeft UIInterfaceOrientationLandscapeRight";
				INFOPLIST_KEY_UISupportedInterfaceOrientations_iPhone = "UIInterfaceOrientationPortrait UIInterfaceOrientationLandscapeLeft UIInterfaceOrientationLandscapeRight";
				IPHONEOS_DEPLOYMENT_TARGET = 13.0;
				LD_RUNPATH_SEARCH_PATHS = (
					"$(inherited)",
					"@executable_path/Frameworks",
				);
				MARKETING_VERSION = 1.0;
				PRODUCT_BUNDLE_IDENTIFIER = minzter.TwitterBookmarks;
				PRODUCT_NAME = "$(TARGET_NAME)";
				SWIFT_EMIT_LOC_STRINGS = YES;
				SWIFT_VERSION = 5.0;
				TARGETED_DEVICE_FAMILY = "1,2";
			};
			name = Release;
		};
/* End XCBuildConfiguration section */

/* Begin XCConfigurationList section */
		0426E7E7287F395000235A7E /* Build configuration list for PBXNativeTarget "TwitterBookmarksTests" */ = {
			isa = XCConfigurationList;
			buildConfigurations = (
				0426E7E5287F395000235A7E /* Debug */,
				0426E7E6287F395000235A7E /* Release */,
			);
			defaultConfigurationIsVisible = 0;
			defaultConfigurationName = Release;
		};
		04C7A84B287B18BF0088A213 /* Build configuration list for PBXProject "TwitterBookmarks" */ = {
			isa = XCConfigurationList;
			buildConfigurations = (
				04C7A862287B18C40088A213 /* Debug */,
				04C7A863287B18C40088A213 /* Release */,
			);
			defaultConfigurationIsVisible = 0;
			defaultConfigurationName = Release;
		};
		04C7A864287B18C40088A213 /* Build configuration list for PBXNativeTarget "TwitterBookmarks" */ = {
			isa = XCConfigurationList;
			buildConfigurations = (
				04C7A865287B18C40088A213 /* Debug */,
				04C7A866287B18C40088A213 /* Release */,
			);
			defaultConfigurationIsVisible = 0;
			defaultConfigurationName = Release;
		};
/* End XCConfigurationList section */

/* Begin XCVersionGroup section */
		04082BCA288765860070F107 /* TweetFolders.xcdatamodeld */ = {
			isa = XCVersionGroup;
			children = (
				04082BCB288765860070F107 /* TweetFolders.xcdatamodel */,
			);
			currentVersion = 04082BCB288765860070F107 /* TweetFolders.xcdatamodel */;
			path = TweetFolders.xcdatamodeld;
			sourceTree = "<group>";
			versionGroupType = wrapper.xcdatamodel;
		};
/* End XCVersionGroup section */
	};
	rootObject = 04C7A848287B18BF0088A213 /* Project object */;
}
